
Microsoft Visual Studio Solution File, Format Version 12.00
# Visual Studio Version 16
VisualStudioVersion = 16.0.28705.295
MinimumVisualStudioVersion = 10.0.40219.1
Project("{FAE04EC0-301F-11D3-BF4B-00C04F79EFBC}") = "ObjectPoolSample", "src\ObjectPoolSample\ObjectPoolSample.csproj", "{2B198CA8-FA16-4EDA-A2A7-1070CF2C0165}"
EndProject
Global
	GlobalSection(SolutionConfigurationPlatforms) = preSolution
		Debug|Any CPU = Debug|Any CPU
		Release|Any CPU = Release|Any CPU
	EndGlobalSection
	GlobalSection(ProjectConfigurationPlatforms) = postSolution
		{2B198CA8-FA16-4EDA-A2A7-1070CF2C0165}.Debug|Any CPU.ActiveCfg = Debug|Any CPU
		{2B198CA8-FA16-4EDA-A2A7-1070CF2C0165}.Debug|Any CPU.Build.0 = Debug|Any CPU
		{2B198CA8-FA16-4EDA-A2A7-1070CF2C0165}.Release|Any CPU.ActiveCfg = Release|Any CPU
		{2B198CA8-FA16-4EDA-A2A7-1070CF2C0165}.Release|Any CPU.Build.0 = Release|Any CPU
	EndGlobalSection
	GlobalSection(SolutionProperties) = preSolution
		HideSolutionNode = FALSE
	EndGlobalSection
	GlobalSection(ExtensibilityGlobals) = postSolution
		SolutionGuid = {794FD795-8FBF-41DB-85E6-38C05D3573F7}
	EndGlobalSection
EndGlobal
